# THIS IS AN AUTOGENERATED FILE. DO NOT EDIT THIS FILE DIRECTLY.
# yarn lockfile v1


openzeppelin-solidity@2.0.1:
  version "2.0.1"
  resolved "https://registry.yarnpkg.com/openzeppelin-solidity/-/openzeppelin-solidity-2.0.1.tgz#c58ab35e2aa6268308a9a9a7d19475e2ce7a7b22"
  integrity sha512-aqQTFy5I1WnbJ3KMvz3enTiPy4r9IUKb96ZxrWxur1K1nBvNg4ovsU4Xzhox7lhTZ1TvihIGjbWubLvH1azRLQ==
